
Microsoft Visual Studio Solution File, Format Version 12.00
# Visual Studio Version 17
VisualStudioVersion = 17.13.35931.197 d17.13
MinimumVisualStudioVersion = 10.0.40219.1
Project("{FAE04EC0-301F-11D3-BF4B-00C04F79EFBC}") = "KeployPractice5", "KeployPractice5.csproj", "{677F90A9-814E-40C3-94D0-8D43F1D037A2}"
EndProject
Global
	GlobalSection(SolutionConfigurationPlatforms) = preSolution
		Debug|Any CPU = Debug|Any CPU
		Release|Any CPU = Release|Any CPU
	EndGlobalSection
	GlobalSection(ProjectConfigurationPlatforms) = postSolution
		{677F90A9-814E-40C3-94D0-8D43F1D037A2}.Debug|Any CPU.ActiveCfg = Debug|Any CPU
		{677F90A9-814E-40C3-94D0-8D43F1D037A2}.Debug|Any CPU.Build.0 = Debug|Any CPU
		{677F90A9-814E-40C3-94D0-8D43F1D037A2}.Release|Any CPU.ActiveCfg = Release|Any CPU
		{677F90A9-814E-40C3-94D0-8D43F1D037A2}.Release|Any CPU.Build.0 = Release|Any CPU
	EndGlobalSection
	GlobalSection(SolutionProperties) = preSolution
		HideSolutionNode = FALSE
	EndGlobalSection
	GlobalSection(ExtensibilityGlobals) = postSolution
		SolutionGuid = {A160F54B-5C51-4E0E-A8C0-39768F6AACDF}
	EndGlobalSection
EndGlobal
